
Microsoft Visual Studio Solution File, Format Version 12.00
# Visual Studio 14
VisualStudioVersion = 14.0.24720.0
MinimumVisualStudioVersion = 10.0.40219.1
Project("{FAE04EC0-301F-11D3-BF4B-00C04F79EFBC}") = "CenterCLR.NamingFormatter.PCL2", "CenterCLR.NamingFormatter.PCL2\CenterCLR.NamingFormatter.PCL2.csproj", "{53446020-7743-4188-8049-F536C1A92E74}"
EndProject
Project("{FAE04EC0-301F-11D3-BF4B-00C04F79EFBC}") = "CenterCLR.NamingFormatterTests.PCL2", "CenterCLR.NamingFormatterTests.PCL2\CenterCLR.NamingFormatterTests.PCL2.csproj", "{DB422E56-F851-4BA2-9DFB-789539E3B034}"
EndProject
Project("{2150E333-8FDC-42A3-9474-1A3956D46DE8}") = "Solution Items", "Solution Items", "{25BEB179-DC2D-443C-8BD7-F51CF04DE053}"
	ProjectSection(SolutionItems) = preProject
		.gitignore = .gitignore
		build-nupkg.bat = build-nupkg.bat
		CenterCLR.NamingFormatter.nuspec = CenterCLR.NamingFormatter.nuspec
		CenterCLR.NamingFormatter.snk = CenterCLR.NamingFormatter.snk
		CommonAssemblyInfo.cs = CommonAssemblyInfo.cs
		README.md = README.md
	EndProjectSection
EndProject
Project("{FAE04EC0-301F-11D3-BF4B-00C04F79EFBC}") = "CenterCLR.NamingFormatter.NET2", "CenterCLR.NamingFormatter.NET2\CenterCLR.NamingFormatter.NET2.csproj", "{F23F4E68-96CD-4773-8ECF-9EA152291EF0}"
EndProject
Project("{FAE04EC0-301F-11D3-BF4B-00C04F79EFBC}") = "CenterCLR.NamingFormatter.NET35", "CenterCLR.NamingFormatter.NET35\CenterCLR.NamingFormatter.NET35.csproj", "{E6113D08-DA5B-4D26-BC6D-C7B47DBEB4BC}"
EndProject
Project("{FAE04EC0-301F-11D3-BF4B-00C04F79EFBC}") = "CenterCLR.NamingFormatterTests.NET2", "CenterCLR.NamingFormatterTests.NET2\CenterCLR.NamingFormatterTests.NET2.csproj", "{2936C6B7-4C68-40B5-AFAF-1A665D207A3A}"
EndProject
Project("{FAE04EC0-301F-11D3-BF4B-00C04F79EFBC}") = "CenterCLR.NamingFormatterTests.NET35", "CenterCLR.NamingFormatterTests.NET35\CenterCLR.NamingFormatterTests.NET35.csproj", "{772523CF-9F73-4281-B21B-3466000B16CA}"
EndProject
Project("{2150E333-8FDC-42A3-9474-1A3956D46DE8}") = "Images", "Images", "{FA746D2D-0859-4AD9-AC64-6E1A58A6EB00}"
	ProjectSection(SolutionItems) = preProject
		Images\CenterCLR.NamingFormatter.100.png = Images\CenterCLR.NamingFormatter.100.png
		Images\CenterCLR.NamingFormatter.128.png = Images\CenterCLR.NamingFormatter.128.png
		Images\CenterCLR.NamingFormatter.design = Images\CenterCLR.NamingFormatter.design
		Images\Japanese.256.png = Images\Japanese.256.png
	EndProjectSection
EndProject
Project("{FAE04EC0-301F-11D3-BF4B-00C04F79EFBC}") = "UWP.Test", "UWP.Test\UWP.Test.csproj", "{CCFA9937-B46F-4052-848C-8F0673D8BD30}"
EndProject
Project("{8BB2217D-0F2D-49D1-97BC-3654ED321F3B}") = "NetCore.Test", "NetCore.Test\NetCore.Test.xproj", "{736BA2E9-389E-435B-BDE8-A9F7B73D622E}"
EndProject
Global
	GlobalSection(SolutionConfigurationPlatforms) = preSolution
		Debug|Any CPU = Debug|Any CPU
		Release|Any CPU = Release|Any CPU
	EndGlobalSection
	GlobalSection(ProjectConfigurationPlatforms) = postSolution
		{53446020-7743-4188-8049-F536C1A92E74}.Debug|Any CPU.ActiveCfg = Debug|Any CPU
		{53446020-7743-4188-8049-F536C1A92E74}.Debug|Any CPU.Build.0 = Debug|Any CPU
		{53446020-7743-4188-8049-F536C1A92E74}.Release|Any CPU.ActiveCfg = Release|Any CPU
		{53446020-7743-4188-8049-F536C1A92E74}.Release|Any CPU.Build.0 = Release|Any CPU
		{DB422E56-F851-4BA2-9DFB-789539E3B034}.Debug|Any CPU.ActiveCfg = Debug|Any CPU
		{DB422E56-F851-4BA2-9DFB-789539E3B034}.Debug|Any CPU.Build.0 = Debug|Any CPU
		{DB422E56-F851-4BA2-9DFB-789539E3B034}.Release|Any CPU.ActiveCfg = Release|Any CPU
		{DB422E56-F851-4BA2-9DFB-789539E3B034}.Release|Any CPU.Build.0 = Release|Any CPU
		{F23F4E68-96CD-4773-8ECF-9EA152291EF0}.Debug|Any CPU.ActiveCfg = Debug|Any CPU
		{F23F4E68-96CD-4773-8ECF-9EA152291EF0}.Debug|Any CPU.Build.0 = Debug|Any CPU
		{F23F4E68-96CD-4773-8ECF-9EA152291EF0}.Release|Any CPU.ActiveCfg = Release|Any CPU
		{F23F4E68-96CD-4773-8ECF-9EA152291EF0}.Release|Any CPU.Build.0 = Release|Any CPU
		{E6113D08-DA5B-4D26-BC6D-C7B47DBEB4BC}.Debug|Any CPU.ActiveCfg = Debug|Any CPU
		{E6113D08-DA5B-4D26-BC6D-C7B47DBEB4BC}.Debug|Any CPU.Build.0 = Debug|Any CPU
		{E6113D08-DA5B-4D26-BC6D-C7B47DBEB4BC}.Release|Any CPU.ActiveCfg = Release|Any CPU
		{E6113D08-DA5B-4D26-BC6D-C7B47DBEB4BC}.Release|Any CPU.Build.0 = Release|Any CPU
		{2936C6B7-4C68-40B5-AFAF-1A665D207A3A}.Debug|Any CPU.ActiveCfg = Debug|Any CPU
		{2936C6B7-4C68-40B5-AFAF-1A665D207A3A}.Debug|Any CPU.Build.0 = Debug|Any CPU
		{2936C6B7-4C68-40B5-AFAF-1A665D207A3A}.Release|Any CPU.ActiveCfg = Release|Any CPU
		{2936C6B7-4C68-40B5-AFAF-1A665D207A3A}.Release|Any CPU.Build.0 = Release|Any CPU
		{772523CF-9F73-4281-B21B-3466000B16CA}.Debug|Any CPU.ActiveCfg = Debug|Any CPU
		{772523CF-9F73-4281-B21B-3466000B16CA}.Debug|Any CPU.Build.0 = Debug|Any CPU
		{772523CF-9F73-4281-B21B-3466000B16CA}.Release|Any CPU.ActiveCfg = Release|Any CPU
		{772523CF-9F73-4281-B21B-3466000B16CA}.Release|Any CPU.Build.0 = Release|Any CPU
		{CCFA9937-B46F-4052-848C-8F0673D8BD30}.Debug|Any CPU.ActiveCfg = Debug|x86
		{CCFA9937-B46F-4052-848C-8F0673D8BD30}.Release|Any CPU.ActiveCfg = Release|x86
		{CCFA9937-B46F-4052-848C-8F0673D8BD30}.Release|Any CPU.Build.0 = Release|x86
		{CCFA9937-B46F-4052-848C-8F0673D8BD30}.Release|Any CPU.Deploy.0 = Release|x86
		{736BA2E9-389E-435B-BDE8-A9F7B73D622E}.Debug|Any CPU.ActiveCfg = Debug|Any CPU
		{736BA2E9-389E-435B-BDE8-A9F7B73D622E}.Debug|Any CPU.Build.0 = Debug|Any CPU
		{736BA2E9-389E-435B-BDE8-A9F7B73D622E}.Release|Any CPU.ActiveCfg = Release|Any CPU
		{736BA2E9-389E-435B-BDE8-A9F7B73D622E}.Release|Any CPU.Build.0 = Release|Any CPU
	EndGlobalSection
	GlobalSection(SolutionProperties) = preSolution
		HideSolutionNode = FALSE
	EndGlobalSection
	GlobalSection(NestedProjects) = preSolution
		{FA746D2D-0859-4AD9-AC64-6E1A58A6EB00} = {25BEB179-DC2D-443C-8BD7-F51CF04DE053}
	EndGlobalSection
EndGlobal
